
Microsoft Visual Studio Solution File, Format Version 12.00
# Visual Studio Version 17
VisualStudioVersion = 17.11.35327.3
MinimumVisualStudioVersion = 10.0.40219.1
Project("{FAE04EC0-301F-11D3-BF4B-00C04F79EFBC}") = "Project Euler 43", "Project Euler 43.csproj", "{905414FE-CCB6-4896-B423-E61A247B2CF2}"
EndProject
Global
	GlobalSection(SolutionConfigurationPlatforms) = preSolution
		Debug|Any CPU = Debug|Any CPU
		Release|Any CPU = Release|Any CPU
	EndGlobalSection
	GlobalSection(ProjectConfigurationPlatforms) = postSolution
		{905414FE-CCB6-4896-B423-E61A247B2CF2}.Debug|Any CPU.ActiveCfg = Debug|Any CPU
		{905414FE-CCB6-4896-B423-E61A247B2CF2}.Debug|Any CPU.Build.0 = Debug|Any CPU
		{905414FE-CCB6-4896-B423-E61A247B2CF2}.Release|Any CPU.ActiveCfg = Release|Any CPU
		{905414FE-CCB6-4896-B423-E61A247B2CF2}.Release|Any CPU.Build.0 = Release|Any CPU
	EndGlobalSection
	GlobalSection(SolutionProperties) = preSolution
		HideSolutionNode = FALSE
	EndGlobalSection
	GlobalSection(ExtensibilityGlobals) = postSolution
		SolutionGuid = {D255440D-64CC-4B33-9F1A-93EF04DAA297}
	EndGlobalSection
EndGlobal
